github.com/google/uuid v1.3.0 h1:t6JiXgmwXMjEs8VusXIJk2BXHsn+wx8BZdTaoZ5fu7I=
github.com/google/uuid v1.3.0/go.mod h1:TIyPZe4MgqvfeYDBFedMoGGpEw/LqOeaOT+nhxU+yHo=
github.com/rojbar/rftpiu v0.0.0-20220830011005-2f7ec6a4e35a h1:y0+Kw9nQCtxPdVltWCru0207W9fbEajg7MlFHLKxYCc=
github.com/rojbar/rftpiu v0.0.0-20220830011005-2f7ec6a4e35a/go.mod h1:K58Sh28Bog6KZYx9/86AIvciUWAal0dhWDH45+6Yh6s=
github.com/rojbar/rftpiu v0.0.0-20220830193527-e0112f95c98e h1:2NU5wvfq8qHsHQD/raPT/yDORzGyTcq6DJYoiZ+Dja0=
github.com/rojbar/rftpiu v0.0.0-20220830193527-e0112f95c98e/go.mod h1:K58Sh28Bog6KZYx9/86AIvciUWAal0dhWDH45+6Yh6s=
github.com/rojbar/rftpiu v0.0.0-20220830194534-298a19d3c8d2 h1:BPk7PUFglaWnZ1jwEkXuPjpSMDduyC/VXohLXBoszvI=
github.com/rojbar/rftpiu v0.0.0-20220830194534-298a19d3c8d2/go.mod h1:K58Sh28Bog6KZYx9/86AIvciUWAal0dhWDH45+6Yh6s=
